{
  "name": "coupe",
  "version": "1.0.0",
  "lockfileVersion": 1,
  "requires": true,
  "dependencies": {
    "json2xls": {
      "version": "0.1.2",
      "resolved": "http://npm.komtex:8080/json2xls/-/json2xls-0.1.2.tgz",
      "integrity": "sha1-NzWO2CqPyvkrs7JNh1msV+OU4Bc=",
      "dev": true,
      "requires": {
        "excel-export": "~0.3.11"
      },
      "dependencies": {
        "excel-export": {
          "version": "0.3.11",
          "resolved": "http://npm.komtex:8080/excel-export/-/excel-export-0.3.11.tgz",
          "integrity": "sha1-a/a51lVV6+Pw2uqlcy97aZhqfrQ=",
          "dev": true,
          "requires": {
            "node-zip": "1.x"
          },
          "dependencies": {
            "node-zip": {
              "version": "1.1.1",
              "resolved": "http://npm.komtex:8080/node-zip/-/node-zip-1.1.1.tgz",
              "integrity": "sha1-lNGtZ0o81GoViN1zb0qaeMdX62I=",
              "dev": true,
              "requires": {
                "jszip": "2.5.0"
              },
              "dependencies": {
                "jszip": {
                  "version": "2.5.0",
                  "resolved": "http://npm.komtex:8080/jszip/-/jszip-2.5.0.tgz",
                  "integrity": "sha1-dET9hVHd8+XacZj+oMkbyDCMwnQ=",
                  "dev": true,
                  "requires": {
                    "pako": "~0.2.5"
                  },
                  "dependencies": {
                    "pako": {
                      "version": "0.2.8",
                      "resolved": "http://npm.komtex:8080/pako/-/pako-0.2.8.tgz",
                      "integrity": "sha1-Fa13KRU2KRPyDeSooWS0qsxhZdY=",
                      "dev": true
                    }
                  }
                }
              }
            }
          }
        }
      }
    },
    "sh": {
      "version": "0.0.3",
      "resolved": "http://npm.komtex:8080/sh/-/sh-0.0.3.tgz",
      "integrity": "sha1-EWy31L50708p3b5KU5vjobBjtB8=",
      "dev": true
    }
  }
}
